// !$*UTF8*$!
{
	archiveVersion = 1;
	classes = {
	};
	objectVersion = 56;
	objects = {

/* Begin PBXBuildFile section */
		F573960C2BC5D868005125F9 /* AppDelegate.swift in Sources */ = {isa = PBXBuildFile; fileRef = F573960B2BC5D868005125F9 /* AppDelegate.swift */; };
		F573960E2BC5D868005125F9 /* SceneDelegate.swift in Sources */ = {isa = PBXBuildFile; fileRef = F573960D2BC5D868005125F9 /* SceneDelegate.swift */; };
		F57396102BC5D868005125F9 /* ViewController.swift in Sources */ = {isa = PBXBuildFile; fileRef = F573960F2BC5D868005125F9 /* ViewController.swift */; };
		F57396132BC5D868005125F9 /* Base in Resources */ = {isa = PBXBuildFile; fileRef = F57396122BC5D868005125F9 /* Base */; };
		F57396152BC5D86A005125F9 /* Assets.xcassets in Resources */ = {isa = PBXBuildFile; fileRef = F57396142BC5D86A005125F9 /* Assets.xcassets */; };
		F57396182BC5D86A005125F9 /* Base in Resources */ = {isa = PBXBuildFile; fileRef = F57396172BC5D86A005125F9 /* Base */; };
		F57396262BC5DFB1005125F9 /* Scenes.scn in Resources */ = {isa = PBXBuildFile; fileRef = F57396252BC5DFB1005125F9 /* Scenes.scn */; };
/* End PBXBuildFile section */

/* Begin PBXCopyFilesBuildPhase section */
		F57396242BC5DF86005125F9 /* Embed Frameworks */ = {
			isa = PBXCopyFilesBuildPhase;
			buildActionMask = 2147483647;
			dstPath = "";
			dstSubfolderSpec = 10;
			files = (
			);
			name = "Embed Frameworks";
			runOnlyForDeploymentPostprocessing = 0;
		};
/* End PBXCopyFilesBuildPhase section */

/* Begin PBXFileReference section */
		F57396082BC5D868005125F9 /* Gates.app */ = {isa = PBXFileReference; explicitFileType = wrapper.application; includeInIndex = 0; path = Gates.app; sourceTree = BUILT_PRODUCTS_DIR; };
		F573960B2BC5D868005125F9 /* AppDelegate.swift */ = {isa = PBXFileReference; lastKnownFileType = sourcecode.swift; path = AppDelegate.swift; sourceTree = "<group>"; };
		F573960D2BC5D868005125F9 /* SceneDelegate.swift */ = {isa = PBXFileReference; lastKnownFileType = sourcecode.swift; path = SceneDelegate.swift; sourceTree = "<group>"; };
		F573960F2BC5D868005125F9 /* ViewController.swift */ = {isa = PBXFileReference; lastKnownFileType = sourcecode.swift; path = ViewController.swift; sourceTree = "<group>"; };
		F57396122BC5D868005125F9 /* Base */ = {isa = PBXFileReference; lastKnownFileType = file.storyboard; name = Base; path = Base.lproj/Main.storyboard; sourceTree = "<group>"; };
		F57396142BC5D86A005125F9 /* Assets.xcassets */ = {isa = PBXFileReference; lastKnownFileType = folder.assetcatalog; path = Assets.xcassets; sourceTree = "<group>"; };
		F57396172BC5D86A005125F9 /* Base */ = {isa = PBXFileReference; lastKnownFileType = file.storyboard; name = Base; path = Base.lproj/LaunchScreen.storyboard; sourceTree = "<group>"; };
		F57396192BC5D86A005125F9 /* Info.plist */ = {isa = PBXFileReference; lastKnownFileType = text.plist.xml; path = Info.plist; sourceTree = "<group>"; };
		F57396252BC5DFB1005125F9 /* Scenes.scn */ = {isa = PBXFileReference; lastKnownFileType = file.bplist; path = Scenes.scn; sourceTree = "<group>"; };
		F57396292BC66614005125F9 /* SceneKit.framework */ = {isa = PBXFileReference; lastKnownFileType = wrapper.framework; name = SceneKit.framework; path = System/Library/Frameworks/SceneKit.framework; sourceTree = SDKROOT; };
		F573962A2BC66912005125F9 /* picture.png */ = {isa = PBXFileReference; lastKnownFileType = image.png; name = picture.png; path = ../../Desktop/Me/picture.png; sourceTree = "<group>"; };
		F573962B2BC66919005125F9 /* picture.png */ = {isa = PBXFileReference; lastKnownFileType = image.png; path = picture.png; sourceTree = "<group>"; };
		F573962C2BC86D41005125F9 /* TheRoom.png */ = {isa = PBXFileReference; lastKnownFileType = image.png; name = TheRoom.png; path = ../../Desktop/TheRoom.png; sourceTree = "<group>"; };
/* End PBXFileReference section */

/* Begin PBXFrameworksBuildPhase section */
		F57396052BC5D868005125F9 /* Frameworks */ = {
			isa = PBXFrameworksBuildPhase;
			buildActionMask = 2147483647;
			files = (
			);
			runOnlyForDeploymentPostprocessing = 0;
		};
/* End PBXFrameworksBuildPhase section */

/* Begin PBXGroup section */
		F57395FF2BC5D868005125F9 = {
			isa = PBXGroup;
			children = (
				F57396252BC5DFB1005125F9 /* Scenes.scn */,
				F573960A2BC5D868005125F9 /* Gates */,
				F57396092BC5D868005125F9 /* Products */,
				F573961F2BC5DF83005125F9 /* Frameworks */,
			);
			sourceTree = "<group>";
		};
		F57396092BC5D868005125F9 /* Products */ = {
			isa = PBXGroup;
			children = (
				F57396082BC5D868005125F9 /* Gates.app */,
			);
			name = Products;
			sourceTree = "<group>";
		};
		F573960A2BC5D868005125F9 /* Gates */ = {
			isa = PBXGroup;
			children = (
				F573962B2BC66919005125F9 /* picture.png */,
				F573960B2BC5D868005125F9 /* AppDelegate.swift */,
				F573960D2BC5D868005125F9 /* SceneDelegate.swift */,
				F573960F2BC5D868005125F9 /* ViewController.swift */,
				F57396112BC5D868005125F9 /* Main.storyboard */,
				F57396142BC5D86A005125F9 /* Assets.xcassets */,
				F57396162BC5D86A005125F9 /* LaunchScreen.storyboard */,
				F57396192BC5D86A005125F9 /* Info.plist */,
			);
			path = Gates;
			sourceTree = "<group>";
		};
		F573961F2BC5DF83005125F9 /* Frameworks */ = {
			isa = PBXGroup;
			children = (
				F57396292BC66614005125F9 /* SceneKit.framework */,
				F573962A2BC66912005125F9 /* picture.png */,
				F573962C2BC86D41005125F9 /* TheRoom.png */,
			);
			name = Frameworks;
			sourceTree = "<group>";
		};
/* End PBXGroup section */

/* Begin PBXNativeTarget section */
		F57396072BC5D868005125F9 /* Gates */ = {
			isa = PBXNativeTarget;
			buildConfigurationList = F573961C2BC5D86A005125F9 /* Build configuration list for PBXNativeTarget "Gates" */;
			buildPhases = (
				F57396042BC5D868005125F9 /* Sources */,
				F57396052BC5D868005125F9 /* Frameworks */,
				F57396062BC5D868005125F9 /* Resources */,
				F57396242BC5DF86005125F9 /* Embed Frameworks */,
			);
			buildRules = (
			);
			dependencies = (
			);
			name = Gates;
			productName = Gates;
			productReference = F57396082BC5D868005125F9 /* Gates.app */;
			productType = "com.apple.product-type.application";
		};
/* End PBXNativeTarget section */

/* Begin PBXProject section */
		F57396002BC5D868005125F9 /* Project object */ = {
			isa = PBXProject;
			attributes = {
				BuildIndependentTargetsInParallel = 1;
				LastSwiftUpdateCheck = 1530;
				LastUpgradeCheck = 1530;
				TargetAttributes = {
					F57396072BC5D868005125F9 = {
						CreatedOnToolsVersion = 15.3;
					};
				};
			};
			buildConfigurationList = F57396032BC5D868005125F9 /* Build configuration list for PBXProject "Gates" */;
			compatibilityVersion = "Xcode 14.0";
			developmentRegion = en;
			hasScannedForEncodings = 0;
			knownRegions = (
				en,
				Base,
			);
			mainGroup = F57395FF2BC5D868005125F9;
			productRefGroup = F57396092BC5D868005125F9 /* Products */;
			projectDirPath = "";
			projectRoot = "";
			targets = (
				F57396072BC5D868005125F9 /* Gates */,
			);
		};
/* End PBXProject section */

/* Begin PBXResourcesBuildPhase section */
		F57396062BC5D868005125F9 /* Resources */ = {
			isa = PBXResourcesBuildPhase;
			buildActionMask = 2147483647;
			files = (
				F57396152BC5D86A005125F9 /* Assets.xcassets in Resources */,
				F57396262BC5DFB1005125F9 /* Scenes.scn in Resources */,
				F57396182BC5D86A005125F9 /* Base in Resources */,
				F57396132BC5D868005125F9 /* Base in Resources */,
			);
			runOnlyForDeploymentPostprocessing = 0;
		};
/* End PBXResourcesBuildPhase section */

/* Begin PBXSourcesBuildPhase section */
		F57396042BC5D868005125F9 /* Sources */ = {
			isa = PBXSourcesBuildPhase;
			buildActionMask = 2147483647;
			files = (
				F57396102BC5D868005125F9 /* ViewController.swift in Sources */,
				F573960C2BC5D868005125F9 /* AppDelegate.swift in Sources */,
				F573960E2BC5D868005125F9 /* SceneDelegate.swift in Sources */,
			);
			runOnlyForDeploymentPostprocessing = 0;
		};
/* End PBXSourcesBuildPhase section */

/* Begin PBXVariantGroup section */
		F57396112BC5D868005125F9 /* Main.storyboard */ = {
			isa = PBXVariantGroup;
			children = (
				F57396122BC5D868005125F9 /* Base */,
			);
			name = Main.storyboard;
			sourceTree = "<group>";
		};
		F57396162BC5D86A005125F9 /* LaunchScreen.storyboard */ = {
			isa = PBXVariantGroup;
			children = (
				F57396172BC5D86A005125F9 /* Base */,
			);
			name = LaunchScreen.storyboard;
			sourceTree = "<group>";
		};
/* End PBXVariantGroup section */

/* Begin XCBuildConfiguration section */
		F573961A2BC5D86A005125F9 /* Debug */ = {
			isa = XCBuildConfiguration;
			buildSettings = {
				ALWAYS_SEARCH_USER_PATHS = NO;
				ASSETCATALOG_COMPILER_GENERATE_SWIFT_ASSET_SYMBOL_EXTENSIONS = YES;
				CLANG_ANALYZER_NONNULL = YES;
				CLANG_ANALYZER_NUMBER_OBJECT_CONVERSION = YES_AGGRESSIVE;
				CLANG_CXX_LANGUAGE_STANDARD = "gnu++20";
				CLANG_ENABLE_MODULES = YES;
				CLANG_ENABLE_OBJC_ARC = YES;
				CLANG_ENABLE_OBJC_WEAK = YES;
				CLANG_WARN_BLOCK_CAPTURE_AUTORELEASING = YES;
				CLANG_WARN_BOOL_CONVERSION = YES;
				CLANG_WARN_COMMA = YES;
				CLANG_WARN_CONSTANT_CONVERSION = YES;
				CLANG_WARN_DEPRECATED_OBJC_IMPLEMENTATIONS = YES;
				CLANG_WARN_DIRECT_OBJC_ISA_USAGE = YES_ERROR;
				CLANG_WARN_DOCUMENTATION_COMMENTS = YES;
				CLANG_WARN_EMPTY_BODY = YES;
				CLANG_WARN_ENUM_CONVERSION = YES;
				CLANG_WARN_INFINITE_RECURSION = YES;
				CLANG_WARN_INT_CONVERSION = YES;
				CLANG_WARN_NON_LITERAL_NULL_CONVERSION = YES;
				CLANG_WARN_OBJC_IMPLICIT_RETAIN_SELF = YES;
				CLANG_WARN_OBJC_LITERAL_CONVERSION = YES;
				CLANG_WARN_OBJC_ROOT_CLASS = YES_ERROR;
				CLANG_WARN_QUOTED_INCLUDE_IN_FRAMEWORK_HEADER = YES;
				CLANG_WARN_RANGE_LOOP_ANALYSIS = YES;
				CLANG_WARN_STRICT_PROTOTYPES = YES;
				CLANG_WARN_SUSPICIOUS_MOVE = YES;
				CLANG_WARN_UNGUARDED_AVAILABILITY = YES_AGGRESSIVE;
				CLANG_WARN_UNREACHABLE_CODE = YES;
				CLANG_WARN__DUPLICATE_METHOD_MATCH = YES;
				COPY_PHASE_STRIP = NO;
				DEBUG_INFORMATION_FORMAT = dwarf;
				ENABLE_STRICT_OBJC_MSGSEND = YES;
				ENABLE_TESTABILITY = YES;
				ENABLE_USER_SCRIPT_SANDBOXING = YES;
				GCC_C_LANGUAGE_STANDARD = gnu17;
				GCC_DYNAMIC_NO_PIC = NO;
				GCC_NO_COMMON_BLOCKS = YES;
				GCC_OPTIMIZATION_LEVEL = 0;
				GCC_PREPROCESSOR_DEFINITIONS = (
					"DEBUG=1",
					"$(inherited)",
				);
				GCC_WARN_64_TO_32_BIT_CONVERSION = YES;
				GCC_WARN_ABOUT_RETURN_TYPE = YES_ERROR;
				GCC_WARN_UNDECLARED_SELECTOR = YES;
				GCC_WARN_UNINITIALIZED_AUTOS = YES_AGGRESSIVE;
				GCC_WARN_UNUSED_FUNCTION = YES;
				GCC_WARN_UNUSED_VARIABLE = YES;
				IPHONEOS_DEPLOYMENT_TARGET = 17.4;
				LOCALIZATION_PREFERS_STRING_CATALOGS = YES;
				MTL_ENABLE_DEBUG_INFO = INCLUDE_SOURCE;
				MTL_FAST_MATH = YES;
				ONLY_ACTIVE_ARCH = YES;
				SDKROOT = iphoneos;
				SWIFT_ACTIVE_COMPILATION_CONDITIONS = "DEBUG $(inherited)";
				SWIFT_OPTIMIZATION_LEVEL = "-Onone";
			};
			name = Debug;
		};
		F573961B2BC5D86A005125F9 /* Release */ = {
			isa = XCBuildConfiguration;
			buildSettings = {
				ALWAYS_SEARCH_USER_PATHS = NO;
				ASSETCATALOG_COMPILER_GENERATE_SWIFT_ASSET_SYMBOL_EXTENSIONS = YES;
				CLANG_ANALYZER_NONNULL = YES;
				CLANG_ANALYZER_NUMBER_OBJECT_CONVERSION = YES_AGGRESSIVE;
				CLANG_CXX_LANGUAGE_STANDARD = "gnu++20";
				CLANG_ENABLE_MODULES = YES;
				CLANG_ENABLE_OBJC_ARC = YES;
				CLANG_ENABLE_OBJC_WEAK = YES;
				CLANG_WARN_BLOCK_CAPTURE_AUTORELEASING = YES;
				CLANG_WARN_BOOL_CONVERSION = YES;
				CLANG_WARN_COMMA = YES;
				CLANG_WARN_CONSTANT_CONVERSION = YES;
				CLANG_WARN_DEPRECATED_OBJC_IMPLEMENTATIONS = YES;
				CLANG_WARN_DIRECT_OBJC_ISA_USAGE = YES_ERROR;
				CLANG_WARN_DOCUMENTATION_COMMENTS = YES;
				CLANG_WARN_EMPTY_BODY = YES;
				CLANG_WARN_ENUM_CONVERSION = YES;
				CLANG_WARN_INFINITE_RECURSION = YES;
				CLANG_WARN_INT_CONVERSION = YES;
				CLANG_WARN_NON_LITERAL_NULL_CONVERSION = YES;
				CLANG_WARN_OBJC_IMPLICIT_RETAIN_SELF = YES;
				CLANG_WARN_OBJC_LITERAL_CONVERSION = YES;
				CLANG_WARN_OBJC_ROOT_CLASS = YES_ERROR;
				CLANG_WARN_QUOTED_INCLUDE_IN_FRAMEWORK_HEADER = YES;
				CLANG_WARN_RANGE_LOOP_ANALYSIS = YES;
				CLANG_WARN_STRICT_PROTOTYPES = YES;
				CLANG_WARN_SUSPICIOUS_MOVE = YES;
				CLANG_WARN_UNGUARDED_AVAILABILITY = YES_AGGRESSIVE;
				CLANG_WARN_UNREACHABLE_CODE = YES;
				CLANG_WARN__DUPLICATE_METHOD_MATCH = YES;
				COPY_PHASE_STRIP = NO;
				DEBUG_INFORMATION_FORMAT = "dwarf-with-dsym";
				ENABLE_NS_ASSERTIONS = NO;
				ENABLE_STRICT_OBJC_MSGSEND = YES;
				ENABLE_USER_SCRIPT_SANDBOXING = YES;
				GCC_C_LANGUAGE_STANDARD = gnu17;
				GCC_NO_COMMON_BLOCKS = YES;
				GCC_WARN_64_TO_32_BIT_CONVERSION = YES;
				GCC_WARN_ABOUT_RETURN_TYPE = YES_ERROR;
				GCC_WARN_UNDECLARED_SELECTOR = YES;
				GCC_WARN_UNINITIALIZED_AUTOS = YES_AGGRESSIVE;
				GCC_WARN_UNUSED_FUNCTION = YES;
				GCC_WARN_UNUSED_VARIABLE = YES;
				IPHONEOS_DEPLOYMENT_TARGET = 17.4;
				LOCALIZATION_PREFERS_STRING_CATALOGS = YES;
				MTL_ENABLE_DEBUG_INFO = NO;
				MTL_FAST_MATH = YES;
				SDKROOT = iphoneos;
				SWIFT_COMPILATION_MODE = wholemodule;
				VALIDATE_PRODUCT = YES;
			};
			name = Release;
		};
		F573961D2BC5D86A005125F9 /* Debug */ = {
			isa = XCBuildConfiguration;
			buildSettings = {
				ASSETCATALOG_COMPILER_APPICON_NAME = AppIcon;
				ASSETCATALOG_COMPILER_GLOBAL_ACCENT_COLOR_NAME = AccentColor;
				CODE_SIGN_STYLE = Automatic;
				CURRENT_PROJECT_VERSION = 1;
				DEVELOPMENT_TEAM = L5HV7ZKVWC;
				GENERATE_INFOPLIST_FILE = YES;
				INFOPLIST_FILE = Gates/Info.plist;
				INFOPLIST_KEY_UIApplicationSupportsIndirectInputEvents = YES;
				INFOPLIST_KEY_UILaunchStoryboardName = LaunchScreen;
				INFOPLIST_KEY_UIMainStoryboardFile = Main;
				INFOPLIST_KEY_UISupportedInterfaceOrientations_iPad = "UIInterfaceOrientationPortrait UIInterfaceOrientationPortraitUpsideDown UIInterfaceOrientationLandscapeLeft UIInterfaceOrientationLandscapeRight";
				INFOPLIST_KEY_UISupportedInterfaceOrientations_iPhone = "UIInterfaceOrientationPortrait UIInterfaceOrientationLandscapeLeft UIInterfaceOrientationLandscapeRight";
				IPHONEOS_DEPLOYMENT_TARGET = 17.3;
				LD_RUNPATH_SEARCH_PATHS = (
					"$(inherited)",
					"@executable_path/Frameworks",
				);
				MARKETING_VERSION = 1.0;
				PRODUCT_BUNDLE_IDENTIFIER = efe.Gates;
				PRODUCT_NAME = "$(TARGET_NAME)";
				SWIFT_EMIT_LOC_STRINGS = YES;
				SWIFT_VERSION = 5.0;
				TARGETED_DEVICE_FAMILY = "1,2";
			};
			name = Debug;
		};
		F573961E2BC5D86A005125F9 /* Release */ = {
			isa = XCBuildConfiguration;
			buildSettings = {
				ASSETCATALOG_COMPILER_APPICON_NAME = AppIcon;
				ASSETCATALOG_COMPILER_GLOBAL_ACCENT_COLOR_NAME = AccentColor;
				CODE_SIGN_STYLE = Automatic;
				CURRENT_PROJECT_VERSION = 1;
				DEVELOPMENT_TEAM = L5HV7ZKVWC;
				GENERATE_INFOPLIST_FILE = YES;
				INFOPLIST_FILE = Gates/Info.plist;
				INFOPLIST_KEY_UIApplicationSupportsIndirectInputEvents = YES;
				INFOPLIST_KEY_UILaunchStoryboardName = LaunchScreen;
				INFOPLIST_KEY_UIMainStoryboardFile = Main;
				INFOPLIST_KEY_UISupportedInterfaceOrientations_iPad = "UIInterfaceOrientationPortrait UIInterfaceOrientationPortraitUpsideDown UIInterfaceOrientationLandscapeLeft UIInterfaceOrientationLandscapeRight";
				INFOPLIST_KEY_UISupportedInterfaceOrientations_iPhone = "UIInterfaceOrientationPortrait UIInterfaceOrientationLandscapeLeft UIInterfaceOrientationLandscapeRight";
				IPHONEOS_DEPLOYMENT_TARGET = 17.3;
				LD_RUNPATH_SEARCH_PATHS = (
					"$(inherited)",
					"@executable_path/Frameworks",
				);
				MARKETING_VERSION = 1.0;
				PRODUCT_BUNDLE_IDENTIFIER = efe.Gates;
				PRODUCT_NAME = "$(TARGET_NAME)";
				SWIFT_EMIT_LOC_STRINGS = YES;
				SWIFT_VERSION = 5.0;
				TARGETED_DEVICE_FAMILY = "1,2";
			};
			name = Release;
		};
/* End XCBuildConfiguration section */

/* Begin XCConfigurationList section */
		F57396032BC5D868005125F9 /* Build configuration list for PBXProject "Gates" */ = {
			isa = XCConfigurationList;
			buildConfigurations = (
				F573961A2BC5D86A005125F9 /* Debug */,
				F573961B2BC5D86A005125F9 /* Release */,
			);
			defaultConfigurationIsVisible = 0;
			defaultConfigurationName = Release;
		};
		F573961C2BC5D86A005125F9 /* Build configuration list for PBXNativeTarget "Gates" */ = {
			isa = XCConfigurationList;
			buildConfigurations = (
				F573961D2BC5D86A005125F9 /* Debug */,
				F573961E2BC5D86A005125F9 /* Release */,
			);
			defaultConfigurationIsVisible = 0;
			defaultConfigurationName = Release;
		};
/* End XCConfigurationList section */
	};
	rootObject = F57396002BC5D868005125F9 /* Project object */;
}
